
Microsoft Visual Studio Solution File, Format Version 12.00
# Visual Studio Version 16
VisualStudioVersion = 16.0.29503.13
MinimumVisualStudioVersion = 10.0.40219.1
Project("{FAE04EC0-301F-11D3-BF4B-00C04F79EFBC}") = "JwtApiTest", "JwtApiTest\JwtApiTest.csproj", "{5F8CFE18-54FC-487A-B5C7-D32E6ECF97F1}"
EndProject
Project("{FAE04EC0-301F-11D3-BF4B-00C04F79EFBC}") = "JwtApiTest.IoC", "JwtApiTest.IoC\JwtApiTest.IoC.csproj", "{77D1A308-FEE7-4B32-B3AB-72BAF2CA5BB3}"
EndProject
Project("{FAE04EC0-301F-11D3-BF4B-00C04F79EFBC}") = "JwtApiTest.Repository", "JwtApiTest.Repository\JwtApiTest.Repository.csproj", "{F4745E6E-5E9C-4F26-BCD1-11CC7C37DD64}"
EndProject
Project("{FAE04EC0-301F-11D3-BF4B-00C04F79EFBC}") = "JwtApiTest.Application", "JwtApiTest.Application\JwtApiTest.Application.csproj", "{5B8FED85-3186-4823-B86A-6149B17A84CD}"
EndProject
Project("{FAE04EC0-301F-11D3-BF4B-00C04F79EFBC}") = "JwtApiTest.Domain", "JwtApiTest.Domain\JwtApiTest.Domain.csproj", "{943D3747-886D-4E7B-B767-2AC76BA1028B}"
EndProject
Global
	GlobalSection(SolutionConfigurationPlatforms) = preSolution
		Debug|Any CPU = Debug|Any CPU
		Release|Any CPU = Release|Any CPU
	EndGlobalSection
	GlobalSection(ProjectConfigurationPlatforms) = postSolution
		{5F8CFE18-54FC-487A-B5C7-D32E6ECF97F1}.Debug|Any CPU.ActiveCfg = Debug|Any CPU
		{5F8CFE18-54FC-487A-B5C7-D32E6ECF97F1}.Debug|Any CPU.Build.0 = Debug|Any CPU
		{5F8CFE18-54FC-487A-B5C7-D32E6ECF97F1}.Release|Any CPU.ActiveCfg = Release|Any CPU
		{5F8CFE18-54FC-487A-B5C7-D32E6ECF97F1}.Release|Any CPU.Build.0 = Release|Any CPU
		{77D1A308-FEE7-4B32-B3AB-72BAF2CA5BB3}.Debug|Any CPU.ActiveCfg = Debug|Any CPU
		{77D1A308-FEE7-4B32-B3AB-72BAF2CA5BB3}.Debug|Any CPU.Build.0 = Debug|Any CPU
		{77D1A308-FEE7-4B32-B3AB-72BAF2CA5BB3}.Release|Any CPU.ActiveCfg = Release|Any CPU
		{77D1A308-FEE7-4B32-B3AB-72BAF2CA5BB3}.Release|Any CPU.Build.0 = Release|Any CPU
		{F4745E6E-5E9C-4F26-BCD1-11CC7C37DD64}.Debug|Any CPU.ActiveCfg = Debug|Any CPU
		{F4745E6E-5E9C-4F26-BCD1-11CC7C37DD64}.Debug|Any CPU.Build.0 = Debug|Any CPU
		{F4745E6E-5E9C-4F26-BCD1-11CC7C37DD64}.Release|Any CPU.ActiveCfg = Release|Any CPU
		{F4745E6E-5E9C-4F26-BCD1-11CC7C37DD64}.Release|Any CPU.Build.0 = Release|Any CPU
		{5B8FED85-3186-4823-B86A-6149B17A84CD}.Debug|Any CPU.ActiveCfg = Debug|Any CPU
		{5B8FED85-3186-4823-B86A-6149B17A84CD}.Debug|Any CPU.Build.0 = Debug|Any CPU
		{5B8FED85-3186-4823-B86A-6149B17A84CD}.Release|Any CPU.ActiveCfg = Release|Any CPU
		{5B8FED85-3186-4823-B86A-6149B17A84CD}.Release|Any CPU.Build.0 = Release|Any CPU
		{943D3747-886D-4E7B-B767-2AC76BA1028B}.Debug|Any CPU.ActiveCfg = Debug|Any CPU
		{943D3747-886D-4E7B-B767-2AC76BA1028B}.Debug|Any CPU.Build.0 = Debug|Any CPU
		{943D3747-886D-4E7B-B767-2AC76BA1028B}.Release|Any CPU.ActiveCfg = Release|Any CPU
		{943D3747-886D-4E7B-B767-2AC76BA1028B}.Release|Any CPU.Build.0 = Release|Any CPU
	EndGlobalSection
	GlobalSection(SolutionProperties) = preSolution
		HideSolutionNode = FALSE
	EndGlobalSection
	GlobalSection(ExtensibilityGlobals) = postSolution
		SolutionGuid = {482282B3-72F5-40C5-80DE-41EE47206D93}
	EndGlobalSection
EndGlobal
